
Microsoft Visual Studio Solution File, Format Version 12.00
# Visual Studio Version 16
VisualStudioVersion = 16.0.31005.135
MinimumVisualStudioVersion = 10.0.40219.1
Project("{FAE04EC0-301F-11D3-BF4B-00C04F79EFBC}") = "Sistema_Cantina", "Sistema_Cantina\Sistema_Cantina.csproj", "{0B4988BF-10B1-4AE8-8244-63CC290095B3}"
EndProject
Global
	GlobalSection(SolutionConfigurationPlatforms) = preSolution
		Debug|Any CPU = Debug|Any CPU
		Release|Any CPU = Release|Any CPU
	EndGlobalSection
	GlobalSection(ProjectConfigurationPlatforms) = postSolution
		{0B4988BF-10B1-4AE8-8244-63CC290095B3}.Debug|Any CPU.ActiveCfg = Debug|Any CPU
		{0B4988BF-10B1-4AE8-8244-63CC290095B3}.Debug|Any CPU.Build.0 = Debug|Any CPU
		{0B4988BF-10B1-4AE8-8244-63CC290095B3}.Release|Any CPU.ActiveCfg = Release|Any CPU
		{0B4988BF-10B1-4AE8-8244-63CC290095B3}.Release|Any CPU.Build.0 = Release|Any CPU
	EndGlobalSection
	GlobalSection(SolutionProperties) = preSolution
		HideSolutionNode = FALSE
	EndGlobalSection
	GlobalSection(ExtensibilityGlobals) = postSolution
		SolutionGuid = {67D9B725-F7CD-4DF7-A808-57B956C3A332}
	EndGlobalSection
EndGlobal
